{
    "_readme": [
        "This file locks the dependencies of your project to a known state",
        "Read more about it at https://getcomposer.org/doc/01-basic-usage.md#composer-lock-the-lock-file",
        "This file is @generated automatically"
    ],
    "hash": "accf3a10cc6cefc2b4e55449035c8cc8",
    "content-hash": "d7784549de3a116234c978fac1de0608",
    "packages": [
        {
            "name": "freemius/wordpress-sdk",
            "version": "1.7.4",
            "source": {
                "type": "git",
                "url": "https://github.com/Freemius/wordpress-sdk.git",
                "reference": "b77dc8ca671c8d28b9d368a9b15e532448557a05"
            },
            "dist": {
                "type": "zip",
                "url": "https://api.github.com/repos/Freemius/wordpress-sdk/zipball/b77dc8ca671c8d28b9d368a9b15e532448557a05",
                "reference": "b77dc8ca671c8d28b9d368a9b15e532448557a05",
                "shasum": ""
            },
            "require": {
                "php": ">=5.2"
            },
            "type": "library",
            "notification-url": "https://packagist.org/downloads/",
            "license": [
                "GPL-2.0+"
            ],
            "description": "Freemius WordPress SDK",
            "homepage": "https://freemius.com",
            "keywords": [
                "freemius",
                "plugin",
                "sdk",
                "wordpress"
            ],
            "time": "2016-03-28 04:32:07"
        }
    ],
    "packages-dev": [],
    "aliases": [],
    "minimum-stability": "stable",
    "stability-flags": {
        "freemius/wordpress-sdk": 0
    },
    "prefer-stable": false,
    "prefer-lowest": false,
    "platform": [],
    "platform-dev": []
}
